
Microsoft Visual Studio Solution File, Format Version 12.00
# Visual Studio 2013
VisualStudioVersion = 12.0.31101.0
MinimumVisualStudioVersion = 10.0.40219.1
Project("{FAE04EC0-301F-11D3-BF4B-00C04F79EFBC}") = "BootsApp", "BootsApp\BootsApp.csproj", "{C611752C-EBE1-4545-8BB7-888E3E9C24B3}"
EndProject
Global
	GlobalSection(TeamFoundationVersionControl) = preSolution
		SccNumberOfProjects = 2
		SccEnterpriseProvider = {4CA58AB2-18FA-4F8D-95D4-32DDF27D184C}
		SccTeamFoundationServer = https://ryanmcintyre.visualstudio.com/defaultcollection
		SccLocalPath0 = .
		SccProjectUniqueName1 = BootsApp\\BootsApp.csproj
		SccProjectName1 = BootsApp
		SccLocalPath1 = BootsApp
	EndGlobalSection
	GlobalSection(SolutionConfigurationPlatforms) = preSolution
		Debug|Any CPU = Debug|Any CPU
		Release|Any CPU = Release|Any CPU
	EndGlobalSection
	GlobalSection(ProjectConfigurationPlatforms) = postSolution
		{C611752C-EBE1-4545-8BB7-888E3E9C24B3}.Debug|Any CPU.ActiveCfg = Debug|Any CPU
		{C611752C-EBE1-4545-8BB7-888E3E9C24B3}.Debug|Any CPU.Build.0 = Debug|Any CPU
		{C611752C-EBE1-4545-8BB7-888E3E9C24B3}.Debug|Any CPU.Deploy.0 = Debug|Any CPU
		{C611752C-EBE1-4545-8BB7-888E3E9C24B3}.Release|Any CPU.ActiveCfg = Release|Any CPU
		{C611752C-EBE1-4545-8BB7-888E3E9C24B3}.Release|Any CPU.Build.0 = Release|Any CPU
		{C611752C-EBE1-4545-8BB7-888E3E9C24B3}.Release|Any CPU.Deploy.0 = Release|Any CPU
	EndGlobalSection
	GlobalSection(SolutionProperties) = preSolution
		HideSolutionNode = FALSE
	EndGlobalSection
EndGlobal
